
Microsoft Visual Studio Solution File, Format Version 12.00
# Visual Studio Version 16
VisualStudioVersion = 16.0.31410.357
MinimumVisualStudioVersion = 10.0.40219.1
Project("{FAE04EC0-301F-11D3-BF4B-00C04F79EFBC}") = "WinAuthentication", "WinAuthentication\WinAuthentication.csproj", "{8B22689E-D39D-4114-B5EB-5B3638D97564}"
EndProject
Global
	GlobalSection(SolutionConfigurationPlatforms) = preSolution
		Debug|Any CPU = Debug|Any CPU
		Release|Any CPU = Release|Any CPU
	EndGlobalSection
	GlobalSection(ProjectConfigurationPlatforms) = postSolution
		{8B22689E-D39D-4114-B5EB-5B3638D97564}.Debug|Any CPU.ActiveCfg = Debug|Any CPU
		{8B22689E-D39D-4114-B5EB-5B3638D97564}.Debug|Any CPU.Build.0 = Debug|Any CPU
		{8B22689E-D39D-4114-B5EB-5B3638D97564}.Release|Any CPU.ActiveCfg = Release|Any CPU
		{8B22689E-D39D-4114-B5EB-5B3638D97564}.Release|Any CPU.Build.0 = Release|Any CPU
	EndGlobalSection
	GlobalSection(SolutionProperties) = preSolution
		HideSolutionNode = FALSE
	EndGlobalSection
	GlobalSection(ExtensibilityGlobals) = postSolution
		SolutionGuid = {ADA16124-FB24-4068-BD4B-716C9AABEC60}
	EndGlobalSection
EndGlobal
